{
  "name": "navi-engine",
  "version": "1.0.0",
  "lockfileVersion": 3,
  "requires": true,
  "packages": {
    "": {
      "name": "navi-engine",
      "version": "1.0.0",
      "license": "ISC",
      "devDependencies": {
        "@rwh/keystrokes": "^1.5.6",
        "cannon-es": "^0.20.0",
        "cannon-es-debugger": "^1.0.0",
        "three": "^0.175.0"
      }
    },
    "node_modules/@rwh/keystrokes": {
      "version": "1.5.6",
      "resolved": "https://registry.npmjs.org/@rwh/keystrokes/-/keystrokes-1.5.6.tgz",
      "integrity": "sha512-w2r2ElGyxYKK0x3SdsYk+mkNBpZcpY+vYNiYqfpGDiatOxEnJFeGoag8OuYjA5quK0aJqQ+aZJzHenaxjIT4cQ==",
      "dev": true,
      "funding": {
        "url": "https://github.com/sponsors/RobertWHurst"
      }
    },
    "node_modules/cannon-es": {
      "version": "0.20.0",
      "resolved": "https://registry.npmjs.org/cannon-es/-/cannon-es-0.20.0.tgz",
      "integrity": "sha512-eZhWTZIkFOnMAJOgfXJa9+b3kVlvG+FX4mdkpePev/w/rP5V8NRquGyEozcjPfEoXUlb+p7d9SUcmDSn14prOA==",
      "dev": true
    },
    "node_modules/cannon-es-debugger": {
      "version": "1.0.0",
      "resolved": "https://registry.npmjs.org/cannon-es-debugger/-/cannon-es-debugger-1.0.0.tgz",
      "integrity": "sha512-sE9lDOBAYFKlh+0w+cvWKwUhJef8HYnUSVPWPL0jD15MAuVRQKno4QYZSGxgOoJkMR3mQqxL4bxys2b3RSWH8g==",
      "dev": true,
      "peerDependencies": {
        "cannon-es": "0.x",
        "three": "0.x",
        "typescript": ">=3.8"
      },
      "peerDependenciesMeta": {
        "typescript": {
          "optional": true
        }
      }
    },
    "node_modules/three": {
      "version": "0.175.0",
      "resolved": "https://registry.npmjs.org/three/-/three-0.175.0.tgz",
      "integrity": "sha512-nNE3pnTHxXN/Phw768u0Grr7W4+rumGg/H6PgeseNJojkJtmeHJfZWi41Gp2mpXl1pg1pf1zjwR4McM1jTqkpg==",
      "dev": true
    }
  }
}
