{
  "name": "navi-engine",
  "version": "1.0.0",
  "lockfileVersion": 3,
  "requires": true,
  "packages": {
    "": {
      "name": "navi-engine",
      "version": "1.0.0",
      "license": "ISC",
      "dependencies": {
        "@rwh/keystrokes": "^1.5.6",
        "cannon-es": "^0.20.0",
        "cannon-es-debugger": "^1.0.0",
        "gsap": "^3.14.2",
        "lil-gui": "^0.21.0",
        "postprocessing": "^6.38.2",
        "three": "^0.182.0"
      }
    },
    "node_modules/@rwh/keystrokes": {
      "version": "1.5.6",
      "resolved": "https://registry.npmjs.org/@rwh/keystrokes/-/keystrokes-1.5.6.tgz",
      "integrity": "sha512-w2r2ElGyxYKK0x3SdsYk+mkNBpZcpY+vYNiYqfpGDiatOxEnJFeGoag8OuYjA5quK0aJqQ+aZJzHenaxjIT4cQ==",
      "license": "MIT",
      "funding": {
        "url": "https://github.com/sponsors/RobertWHurst"
      }
    },
    "node_modules/cannon-es": {
      "version": "0.20.0",
      "resolved": "https://registry.npmjs.org/cannon-es/-/cannon-es-0.20.0.tgz",
      "integrity": "sha512-eZhWTZIkFOnMAJOgfXJa9+b3kVlvG+FX4mdkpePev/w/rP5V8NRquGyEozcjPfEoXUlb+p7d9SUcmDSn14prOA==",
      "license": "MIT",
      "peer": true
    },
    "node_modules/cannon-es-debugger": {
      "version": "1.0.0",
      "resolved": "https://registry.npmjs.org/cannon-es-debugger/-/cannon-es-debugger-1.0.0.tgz",
      "integrity": "sha512-sE9lDOBAYFKlh+0w+cvWKwUhJef8HYnUSVPWPL0jD15MAuVRQKno4QYZSGxgOoJkMR3mQqxL4bxys2b3RSWH8g==",
      "peerDependencies": {
        "cannon-es": "0.x",
        "three": "0.x",
        "typescript": ">=3.8"
      },
      "peerDependenciesMeta": {
        "typescript": {
          "optional": true
        }
      }
    },
    "node_modules/gsap": {
      "version": "3.14.2",
      "resolved": "https://registry.npmjs.org/gsap/-/gsap-3.14.2.tgz",
      "integrity": "sha512-P8/mMxVLU7o4+55+1TCnQrPmgjPKnwkzkXOK1asnR9Jg2lna4tEY5qBJjMmAaOBDDZWtlRjBXjLa0w53G/uBLA==",
      "license": "Standard 'no charge' license: https://gsap.com/standard-license."
    },
    "node_modules/lil-gui": {
      "version": "0.21.0",
      "resolved": "https://registry.npmjs.org/lil-gui/-/lil-gui-0.21.0.tgz",
      "integrity": "sha512-tpvxN7v1GvE/Tv+GRopfOp0W7fVEjF4PltkuX8vOCIfim22rD1ztvfkoEMcv9lzQeuNUSeIrUmUjBwmlW/oUew==",
      "license": "MIT"
    },
    "node_modules/postprocessing": {
      "version": "6.38.2",
      "resolved": "https://registry.npmjs.org/postprocessing/-/postprocessing-6.38.2.tgz",
      "integrity": "sha512-7DwuT7Tkst41ZjSj287g7C9c5/D3Xx5rMgBosg0dadbUPoZD2HNzkadKPol1d2PJAoI9f+Jeh1/v9YfLzpFGVw==",
      "license": "Zlib",
      "peerDependencies": {
        "three": ">= 0.157.0 < 0.183.0"
      }
    },
    "node_modules/three": {
      "version": "0.182.0",
      "resolved": "https://registry.npmjs.org/three/-/three-0.182.0.tgz",
      "integrity": "sha512-GbHabT+Irv+ihI1/f5kIIsZ+Ef9Sl5A1Y7imvS5RQjWgtTPfPnZ43JmlYI7NtCRDK9zir20lQpfg8/9Yd02OvQ==",
      "license": "MIT",
      "peer": true
    }
  }
}
